
Microsoft Visual Studio Solution File, Format Version 12.00
# Visual Studio Version 17
VisualStudioVersion = 17.2.32616.157
MinimumVisualStudioVersion = 10.0.40219.1
Project("{FAE04EC0-301F-11D3-BF4B-00C04F79EFBC}") = "SignalRChatApp", "SignalRChatApp\SignalRChatApp.csproj", "{5D4F205D-51DC-488D-8431-4EBF52B1DB1A}"
EndProject
Global
	GlobalSection(SolutionConfigurationPlatforms) = preSolution
		Debug|Any CPU = Debug|Any CPU
		Release|Any CPU = Release|Any CPU
	EndGlobalSection
	GlobalSection(ProjectConfigurationPlatforms) = postSolution
		{5D4F205D-51DC-488D-8431-4EBF52B1DB1A}.Debug|Any CPU.ActiveCfg = Debug|Any CPU
		{5D4F205D-51DC-488D-8431-4EBF52B1DB1A}.Debug|Any CPU.Build.0 = Debug|Any CPU
		{5D4F205D-51DC-488D-8431-4EBF52B1DB1A}.Release|Any CPU.ActiveCfg = Release|Any CPU
		{5D4F205D-51DC-488D-8431-4EBF52B1DB1A}.Release|Any CPU.Build.0 = Release|Any CPU
	EndGlobalSection
	GlobalSection(SolutionProperties) = preSolution
		HideSolutionNode = FALSE
	EndGlobalSection
	GlobalSection(ExtensibilityGlobals) = postSolution
		SolutionGuid = {3B9FB90B-B7A8-495E-9C33-D168F53D80BF}
	EndGlobalSection
EndGlobal
